
Microsoft Visual Studio Solution File, Format Version 12.00
# Visual Studio Version 17
VisualStudioVersion = 17.13.35931.197 d17.13
MinimumVisualStudioVersion = 10.0.40219.1
Project("{FAE04EC0-301F-11D3-BF4B-00C04F79EFBC}") = "Patika Kütüphane", "Patika Kütüphane\Patika Kütüphane.csproj", "{9308BF4E-C7C9-4AB6-A102-B2D07C1510EB}"
EndProject
Global
	GlobalSection(SolutionConfigurationPlatforms) = preSolution
		Debug|Any CPU = Debug|Any CPU
		Release|Any CPU = Release|Any CPU
	EndGlobalSection
	GlobalSection(ProjectConfigurationPlatforms) = postSolution
		{9308BF4E-C7C9-4AB6-A102-B2D07C1510EB}.Debug|Any CPU.ActiveCfg = Debug|Any CPU
		{9308BF4E-C7C9-4AB6-A102-B2D07C1510EB}.Debug|Any CPU.Build.0 = Debug|Any CPU
		{9308BF4E-C7C9-4AB6-A102-B2D07C1510EB}.Release|Any CPU.ActiveCfg = Release|Any CPU
		{9308BF4E-C7C9-4AB6-A102-B2D07C1510EB}.Release|Any CPU.Build.0 = Release|Any CPU
	EndGlobalSection
	GlobalSection(SolutionProperties) = preSolution
		HideSolutionNode = FALSE
	EndGlobalSection
	GlobalSection(ExtensibilityGlobals) = postSolution
		SolutionGuid = {00B98085-0579-483F-87A2-3FAD198E55E7}
	EndGlobalSection
EndGlobal
